
Microsoft Visual Studio Solution File, Format Version 12.00
# Visual Studio Version 16
VisualStudioVersion = 16.0.30611.23
MinimumVisualStudioVersion = 10.0.40219.1
Project("{FAE04EC0-301F-11D3-BF4B-00C04F79EFBC}") = "AS_Proj", "MyApp\AS_Proj.csproj", "{EADA8857-0F57-4466-81E4-0CA1A64588EA}"
EndProject
Global
	GlobalSection(SolutionConfigurationPlatforms) = preSolution
		Debug|Any CPU = Debug|Any CPU
		Release|Any CPU = Release|Any CPU
	EndGlobalSection
	GlobalSection(ProjectConfigurationPlatforms) = postSolution
		{EADA8857-0F57-4466-81E4-0CA1A64588EA}.Debug|Any CPU.ActiveCfg = Debug|Any CPU
		{EADA8857-0F57-4466-81E4-0CA1A64588EA}.Debug|Any CPU.Build.0 = Debug|Any CPU
		{EADA8857-0F57-4466-81E4-0CA1A64588EA}.Release|Any CPU.ActiveCfg = Release|Any CPU
		{EADA8857-0F57-4466-81E4-0CA1A64588EA}.Release|Any CPU.Build.0 = Release|Any CPU
	EndGlobalSection
	GlobalSection(SolutionProperties) = preSolution
		HideSolutionNode = FALSE
	EndGlobalSection
	GlobalSection(ExtensibilityGlobals) = postSolution
		SolutionGuid = {74A4FA4F-AB78-4B79-BA83-9CB876EBEAEA}
	EndGlobalSection
EndGlobal
